// !$*UTF8*$!
{
	archiveVersion = 1;
	classes = {
	};
	objectVersion = 46;
	objects = {

/* Begin PBXBuildFile section */
		22B9B2F21462EE3200407909 /* UIKit.framework in Frameworks */ = {isa = PBXBuildFile; fileRef = 22B9B2F11462EE3200407909 /* UIKit.framework */; };
		22B9B2F41462EE3200407909 /* Foundation.framework in Frameworks */ = {isa = PBXBuildFile; fileRef = 22B9B2F31462EE3200407909 /* Foundation.framework */; };
		22B9B2F61462EE3200407909 /* CoreGraphics.framework in Frameworks */ = {isa = PBXBuildFile; fileRef = 22B9B2F51462EE3200407909 /* CoreGraphics.framework */; };
		22B9B2FC1462EE3200407909 /* InfoPlist.strings in Resources */ = {isa = PBXBuildFile; fileRef = 22B9B2FA1462EE3200407909 /* InfoPlist.strings */; };
		22B9B2FE1462EE3200407909 /* main.m in Sources */ = {isa = PBXBuildFile; fileRef = 22B9B2FD1462EE3200407909 /* main.m */; };
		22B9B3021462EE3200407909 /* CMAppDelegate.m in Sources */ = {isa = PBXBuildFile; fileRef = 22B9B3011462EE3200407909 /* CMAppDelegate.m */; };
/* End PBXBuildFile section */

/* Begin PBXFileReference section */
		22B9B2ED1462EE3200407909 /* CengMe.app */ = {isa = PBXFileReference; explicitFileType = wrapper.application; includeInIndex = 0; path = CengMe.app; sourceTree = BUILT_PRODUCTS_DIR; };
		22B9B2F11462EE3200407909 /* UIKit.framework */ = {isa = PBXFileReference; lastKnownFileType = wrapper.framework; name = UIKit.framework; path = System/Library/Frameworks/UIKit.framework; sourceTree = SDKROOT; };
		22B9B2F31462EE3200407909 /* Foundation.framework */ = {isa = PBXFileReference; lastKnownFileType = wrapper.framework; name = Foundation.framework; path = System/Library/Frameworks/Foundation.framework; sourceTree = SDKROOT; };
		22B9B2F51462EE3200407909 /* CoreGraphics.framework */ = {isa = PBXFileReference; lastKnownFileType = wrapper.framework; name = CoreGraphics.framework; path = System/Library/Frameworks/CoreGraphics.framework; sourceTree = SDKROOT; };
		22B9B2F91462EE3200407909 /* CengMe-Info.plist */ = {isa = PBXFileReference; path = "CengMe-Info.plist"; sourceTree = "<group>"; };
		22B9B2FB1462EE3200407909 /* en */ = {isa = PBXFileReference; lastKnownFileType = text.plist.strings; name = en; path = en.lproj/InfoPlist.strings; sourceTree = "<group>"; };
		22B9B2FD1462EE3200407909 /* main.m */ = {isa = PBXFileReference; lastKnownFileType = sourcecode.c.objc; path = main.m; sourceTree = "<group>"; };
		22B9B2FF1462EE3200407909 /* CengMe-Prefix.pch */ = {isa = PBXFileReference; path = "CengMe-Prefix.pch"; sourceTree = "<group>"; };
		22B9B3001462EE3200407909 /* CMAppDelegate.h */ = {isa = PBXFileReference; path = CMAppDelegate.h; sourceTree = "<group>"; };
		22B9B3011462EE3200407909 /* CMAppDelegate.m */ = {isa = PBXFileReference; lastKnownFileType = sourcecode.c.objc; path = CMAppDelegate.m; sourceTree = "<group>"; };
/* End PBXFileReference section */

/* Begin PBXFrameworksBuildPhase section */
		22B9B2EA1462EE3200407909 /* Frameworks */ = {
			isa = PBXFrameworksBuildPhase;
			buildActionMask = 2147483647;
			files = (
				22B9B2F21462EE3200407909 /* UIKit.framework in Frameworks */,
				22B9B2F41462EE3200407909 /* Foundation.framework in Frameworks */,
				22B9B2F61462EE3200407909 /* CoreGraphics.framework in Frameworks */,
			);
			runOnlyForDeploymentPostprocessing = 0;
		};
/* End PBXFrameworksBuildPhase section */

/* Begin PBXGroup section */
		22B9B2E21462EE3200407909 = {
			isa = PBXGroup;
			children = (
				22B9B2F71462EE3200407909 /* CengMe */,
				22B9B2F01462EE3200407909 /* Frameworks */,
				22B9B2EE1462EE3200407909 /* Products */,
			);
			sourceTree = "<group>";
		};
		22B9B2EE1462EE3200407909 /* Products */ = {
			isa = PBXGroup;
			children = (
				22B9B2ED1462EE3200407909 /* CengMe.app */,
			);
			name = Products;
			sourceTree = "<group>";
		};
		22B9B2F01462EE3200407909 /* Frameworks */ = {
			isa = PBXGroup;
			children = (
				22B9B2F11462EE3200407909 /* UIKit.framework */,
				22B9B2F31462EE3200407909 /* Foundation.framework */,
				22B9B2F51462EE3200407909 /* CoreGraphics.framework */,
			);
			name = Frameworks;
			sourceTree = "<group>";
		};
		22B9B2F71462EE3200407909 /* CengMe */ = {
			isa = PBXGroup;
			children = (
				22B9B3001462EE3200407909 /* CMAppDelegate.h */,
				22B9B3011462EE3200407909 /* CMAppDelegate.m */,
				22B9B2F81462EE3200407909 /* Supporting Files */,
			);
			path = CengMe;
			sourceTree = "<group>";
		};
		22B9B2F81462EE3200407909 /* Supporting Files */ = {
			isa = PBXGroup;
			children = (
				22B9B2F91462EE3200407909 /* CengMe-Info.plist */,
				22B9B2FA1462EE3200407909 /* InfoPlist.strings */,
				22B9B2FD1462EE3200407909 /* main.m */,
				22B9B2FF1462EE3200407909 /* CengMe-Prefix.pch */,
			);
			name = "Supporting Files";
			sourceTree = "<group>";
		};
/* End PBXGroup section */

/* Begin PBXNativeTarget section */
		22B9B2EC1462EE3200407909 /* CengMe */ = {
			isa = PBXNativeTarget;
			buildConfigurationList = 22B9B3051462EE3200407909 /* Build configuration list for PBXNativeTarget "CengMe" */;
			buildPhases = (
				22B9B2E91462EE3200407909 /* Sources */,
				22B9B2EA1462EE3200407909 /* Frameworks */,
				22B9B2EB1462EE3200407909 /* Resources */,
			);
			buildRules = (
			);
			dependencies = (
			);
			name = CengMe;
			productName = CengMe;
			productReference = 22B9B2ED1462EE3200407909 /* CengMe.app */;
			productType = "com.apple.product-type.application";
		};
/* End PBXNativeTarget section */

/* Begin PBXProject section */
		22B9B2E41462EE3200407909 /* Project object */ = {
			isa = PBXProject;
			attributes = {
				LastUpgradeCheck = 0420;
			};
			buildConfigurationList = 22B9B2E71462EE3200407909 /* Build configuration list for PBXProject "CengMe" */;
			compatibilityVersion = "Xcode 3.2";
			developmentRegion = English;
			hasScannedForEncodings = 0;
			knownRegions = (
				en,
			);
			mainGroup = 22B9B2E21462EE3200407909;
			productRefGroup = 22B9B2EE1462EE3200407909 /* Products */;
			projectDirPath = "";
			projectRoot = "";
			targets = (
				22B9B2EC1462EE3200407909 /* CengMe */,
			);
		};
/* End PBXProject section */

/* Begin PBXResourcesBuildPhase section */
		22B9B2EB1462EE3200407909 /* Resources */ = {
			isa = PBXResourcesBuildPhase;
			buildActionMask = 2147483647;
			files = (
				22B9B2FC1462EE3200407909 /* InfoPlist.strings in Resources */,
			);
			runOnlyForDeploymentPostprocessing = 0;
		};
/* End PBXResourcesBuildPhase section */

/* Begin PBXSourcesBuildPhase section */
		22B9B2E91462EE3200407909 /* Sources */ = {
			isa = PBXSourcesBuildPhase;
			buildActionMask = 2147483647;
			files = (
				22B9B2FE1462EE3200407909 /* main.m in Sources */,
				22B9B3021462EE3200407909 /* CMAppDelegate.m in Sources */,
			);
			runOnlyForDeploymentPostprocessing = 0;
		};
/* End PBXSourcesBuildPhase section */

/* Begin PBXVariantGroup section */
		22B9B2FA1462EE3200407909 /* InfoPlist.strings */ = {
			isa = PBXVariantGroup;
			children = (
				22B9B2FB1462EE3200407909 /* en */,
			);
			name = InfoPlist.strings;
			sourceTree = "<group>";
		};
/* End PBXVariantGroup section */

/* Begin XCBuildConfiguration section */
		22B9B3031462EE3200407909 /* Debug */ = {
			isa = XCBuildConfiguration;
			buildSettings = {
				ALWAYS_SEARCH_USER_PATHS = NO;
				ARCHS = "$(ARCHS_STANDARD_32_BIT)";
				"CODE_SIGN_IDENTITY[sdk=iphoneos*]" = "iPhone Developer";
				COPY_PHASE_STRIP = NO;
				GCC_C_LANGUAGE_STANDARD = gnu99;
				GCC_DYNAMIC_NO_PIC = NO;
				GCC_OPTIMIZATION_LEVEL = 0;
				GCC_PREPROCESSOR_DEFINITIONS = (
					"DEBUG=1",
					"$(inherited)",
				);
				GCC_SYMBOLS_PRIVATE_EXTERN = NO;
				GCC_VERSION = com.apple.compilers.llvm.clang.1_0;
				GCC_WARN_ABOUT_MISSING_PROTOTYPES = YES;
				GCC_WARN_ABOUT_RETURN_TYPE = YES;
				GCC_WARN_UNUSED_VARIABLE = YES;
				IPHONEOS_DEPLOYMENT_TARGET = 5.0;
				SDKROOT = iphoneos;
				TARGETED_DEVICE_FAMILY = "1,2";
			};
			name = Debug;
		};
		22B9B3041462EE3200407909 /* Release */ = {
			isa = XCBuildConfiguration;
			buildSettings = {
				ALWAYS_SEARCH_USER_PATHS = NO;
				ARCHS = "$(ARCHS_STANDARD_32_BIT)";
				"CODE_SIGN_IDENTITY[sdk=iphoneos*]" = "iPhone Developer";
				COPY_PHASE_STRIP = YES;
				GCC_C_LANGUAGE_STANDARD = gnu99;
				GCC_VERSION = com.apple.compilers.llvm.clang.1_0;
				GCC_WARN_ABOUT_MISSING_PROTOTYPES = YES;
				GCC_WARN_ABOUT_RETURN_TYPE = YES;
				GCC_WARN_UNUSED_VARIABLE = YES;
				IPHONEOS_DEPLOYMENT_TARGET = 5.0;
				OTHER_CFLAGS = "-DNS_BLOCK_ASSERTIONS=1";
				SDKROOT = iphoneos;
				TARGETED_DEVICE_FAMILY = "1,2";
				VALIDATE_PRODUCT = YES;
			};
			name = Release;
		};
		22B9B3061462EE3200407909 /* Debug */ = {
			isa = XCBuildConfiguration;
			buildSettings = {
				GCC_PRECOMPILE_PREFIX_HEADER = YES;
				GCC_PREFIX_HEADER = "CengMe/CengMe-Prefix.pch";
				INFOPLIST_FILE = "CengMe/CengMe-Info.plist";
				PRODUCT_NAME = "$(TARGET_NAME)";
				WRAPPER_EXTENSION = app;
			};
			name = Debug;
		};
		22B9B3071462EE3200407909 /* Release */ = {
			isa = XCBuildConfiguration;
			buildSettings = {
				GCC_PRECOMPILE_PREFIX_HEADER = YES;
				GCC_PREFIX_HEADER = "CengMe/CengMe-Prefix.pch";
				INFOPLIST_FILE = "CengMe/CengMe-Info.plist";
				PRODUCT_NAME = "$(TARGET_NAME)";
				WRAPPER_EXTENSION = app;
			};
			name = Release;
		};
/* End XCBuildConfiguration section */

/* Begin XCConfigurationList section */
		22B9B2E71462EE3200407909 /* Build configuration list for PBXProject "CengMe" */ = {
			isa = XCConfigurationList;
			buildConfigurations = (
				22B9B3031462EE3200407909 /* Debug */,
				22B9B3041462EE3200407909 /* Release */,
			);
			defaultConfigurationIsVisible = 0;
			defaultConfigurationName = Release;
		};
		22B9B3051462EE3200407909 /* Build configuration list for PBXNativeTarget "CengMe" */ = {
			isa = XCConfigurationList;
			buildConfigurations = (
				22B9B3061462EE3200407909 /* Debug */,
				22B9B3071462EE3200407909 /* Release */,
			);
			defaultConfigurationIsVisible = 0;
		};
/* End XCConfigurationList section */
	};
	rootObject = 22B9B2E41462EE3200407909 /* Project object */;
}
